
Microsoft Visual Studio Solution File, Format Version 12.00
# Visual Studio Version 16
VisualStudioVersion = 16.0.30413.136
MinimumVisualStudioVersion = 10.0.40219.1
Project("{FAE04EC0-301F-11D3-BF4B-00C04F79EFBC}") = "GRMDataManager", "GRMDataManager\GRMDataManager.csproj", "{D772458A-01D3-4424-A29D-F8A3E103A090}"
EndProject
Project("{00D1A9C2-B5F0-4AF3-8072-F6C62B433612}") = "GRMData", "GRMData\GRMData.sqlproj", "{EDC13BE1-D2B4-442C-86FD-DBFF7FA4411B}"
EndProject
Global
	GlobalSection(SolutionConfigurationPlatforms) = preSolution
		Debug|Any CPU = Debug|Any CPU
		Release|Any CPU = Release|Any CPU
	EndGlobalSection
	GlobalSection(ProjectConfigurationPlatforms) = postSolution
		{D772458A-01D3-4424-A29D-F8A3E103A090}.Debug|Any CPU.ActiveCfg = Debug|Any CPU
		{D772458A-01D3-4424-A29D-F8A3E103A090}.Debug|Any CPU.Build.0 = Debug|Any CPU
		{D772458A-01D3-4424-A29D-F8A3E103A090}.Release|Any CPU.ActiveCfg = Release|Any CPU
		{D772458A-01D3-4424-A29D-F8A3E103A090}.Release|Any CPU.Build.0 = Release|Any CPU
		{EDC13BE1-D2B4-442C-86FD-DBFF7FA4411B}.Debug|Any CPU.ActiveCfg = Debug|Any CPU
		{EDC13BE1-D2B4-442C-86FD-DBFF7FA4411B}.Debug|Any CPU.Build.0 = Debug|Any CPU
		{EDC13BE1-D2B4-442C-86FD-DBFF7FA4411B}.Debug|Any CPU.Deploy.0 = Debug|Any CPU
		{EDC13BE1-D2B4-442C-86FD-DBFF7FA4411B}.Release|Any CPU.ActiveCfg = Release|Any CPU
		{EDC13BE1-D2B4-442C-86FD-DBFF7FA4411B}.Release|Any CPU.Build.0 = Release|Any CPU
		{EDC13BE1-D2B4-442C-86FD-DBFF7FA4411B}.Release|Any CPU.Deploy.0 = Release|Any CPU
	EndGlobalSection
	GlobalSection(SolutionProperties) = preSolution
		HideSolutionNode = FALSE
	EndGlobalSection
	GlobalSection(ExtensibilityGlobals) = postSolution
		SolutionGuid = {67A8DF99-BCFA-4113-A27F-0E71610F5732}
	EndGlobalSection
EndGlobal
