
Microsoft Visual Studio Solution File, Format Version 12.00
# Visual Studio Version 16
VisualStudioVersion = 16.0.30413.136
MinimumVisualStudioVersion = 10.0.40219.1
Project("{FAE04EC0-301F-11D3-BF4B-00C04F79EFBC}") = "GRMDataManager", "GRMDataManager\GRMDataManager.csproj", "{D772458A-01D3-4424-A29D-F8A3E103A090}"
EndProject
Project("{00D1A9C2-B5F0-4AF3-8072-F6C62B433612}") = "GRMData", "GRMData\GRMData.sqlproj", "{EDC13BE1-D2B4-442C-86FD-DBFF7FA4411B}"
EndProject
Project("{FAE04EC0-301F-11D3-BF4B-00C04F79EFBC}") = "GRMMVCUserInterface", "GRMMVCUserInterface\GRMMVCUserInterface.csproj", "{62713EDF-4DF1-40FB-A044-C5F07D3F8348}"
EndProject
Project("{FAE04EC0-301F-11D3-BF4B-00C04F79EFBC}") = "GRMDataManager.Library", "GRMDataManager.Library\GRMDataManager.Library.csproj", "{E21D6C44-7934-4863-9312-73B9E69472C6}"
EndProject
Project("{FAE04EC0-301F-11D3-BF4B-00C04F79EFBC}") = "GRMMVCUserInterface.Library", "GRMMVCUserInterface.Library\GRMMVCUserInterface.Library.csproj", "{CC6BEF3A-C788-4E58-B363-5711B77FD4D1}"
EndProject
Global
	GlobalSection(SolutionConfigurationPlatforms) = preSolution
		Debug|Any CPU = Debug|Any CPU
		Release|Any CPU = Release|Any CPU
	EndGlobalSection
	GlobalSection(ProjectConfigurationPlatforms) = postSolution
		{D772458A-01D3-4424-A29D-F8A3E103A090}.Debug|Any CPU.ActiveCfg = Debug|Any CPU
		{D772458A-01D3-4424-A29D-F8A3E103A090}.Debug|Any CPU.Build.0 = Debug|Any CPU
		{D772458A-01D3-4424-A29D-F8A3E103A090}.Release|Any CPU.ActiveCfg = Release|Any CPU
		{D772458A-01D3-4424-A29D-F8A3E103A090}.Release|Any CPU.Build.0 = Release|Any CPU
		{EDC13BE1-D2B4-442C-86FD-DBFF7FA4411B}.Debug|Any CPU.ActiveCfg = Debug|Any CPU
		{EDC13BE1-D2B4-442C-86FD-DBFF7FA4411B}.Debug|Any CPU.Build.0 = Debug|Any CPU
		{EDC13BE1-D2B4-442C-86FD-DBFF7FA4411B}.Debug|Any CPU.Deploy.0 = Debug|Any CPU
		{EDC13BE1-D2B4-442C-86FD-DBFF7FA4411B}.Release|Any CPU.ActiveCfg = Release|Any CPU
		{EDC13BE1-D2B4-442C-86FD-DBFF7FA4411B}.Release|Any CPU.Build.0 = Release|Any CPU
		{EDC13BE1-D2B4-442C-86FD-DBFF7FA4411B}.Release|Any CPU.Deploy.0 = Release|Any CPU
		{62713EDF-4DF1-40FB-A044-C5F07D3F8348}.Debug|Any CPU.ActiveCfg = Debug|Any CPU
		{62713EDF-4DF1-40FB-A044-C5F07D3F8348}.Debug|Any CPU.Build.0 = Debug|Any CPU
		{62713EDF-4DF1-40FB-A044-C5F07D3F8348}.Release|Any CPU.ActiveCfg = Release|Any CPU
		{62713EDF-4DF1-40FB-A044-C5F07D3F8348}.Release|Any CPU.Build.0 = Release|Any CPU
		{E21D6C44-7934-4863-9312-73B9E69472C6}.Debug|Any CPU.ActiveCfg = Debug|Any CPU
		{E21D6C44-7934-4863-9312-73B9E69472C6}.Debug|Any CPU.Build.0 = Debug|Any CPU
		{E21D6C44-7934-4863-9312-73B9E69472C6}.Release|Any CPU.ActiveCfg = Release|Any CPU
		{E21D6C44-7934-4863-9312-73B9E69472C6}.Release|Any CPU.Build.0 = Release|Any CPU
		{CC6BEF3A-C788-4E58-B363-5711B77FD4D1}.Debug|Any CPU.ActiveCfg = Debug|Any CPU
		{CC6BEF3A-C788-4E58-B363-5711B77FD4D1}.Debug|Any CPU.Build.0 = Debug|Any CPU
		{CC6BEF3A-C788-4E58-B363-5711B77FD4D1}.Release|Any CPU.ActiveCfg = Release|Any CPU
		{CC6BEF3A-C788-4E58-B363-5711B77FD4D1}.Release|Any CPU.Build.0 = Release|Any CPU
	EndGlobalSection
	GlobalSection(SolutionProperties) = preSolution
		HideSolutionNode = FALSE
	EndGlobalSection
	GlobalSection(ExtensibilityGlobals) = postSolution
		SolutionGuid = {67A8DF99-BCFA-4113-A27F-0E71610F5732}
	EndGlobalSection
EndGlobal
